
Microsoft Visual Studio Solution File, Format Version 12.00
# Visual Studio Version 17
VisualStudioVersion = 17.3.32922.545
MinimumVisualStudioVersion = 10.0.40219.1
Project("{FAE04EC0-301F-11D3-BF4B-00C04F79EFBC}") = "MagicVilla_VillaAPI", "MagicVilla_VillaAPI\MagicVilla_VillaAPI.csproj", "{99E7AEF5-AB84-4A14-BAEF-8C9A0DA2630B}"
EndProject
Global
	GlobalSection(SolutionConfigurationPlatforms) = preSolution
		Debug|Any CPU = Debug|Any CPU
		Release|Any CPU = Release|Any CPU
	EndGlobalSection
	GlobalSection(ProjectConfigurationPlatforms) = postSolution
		{99E7AEF5-AB84-4A14-BAEF-8C9A0DA2630B}.Debug|Any CPU.ActiveCfg = Debug|Any CPU
		{99E7AEF5-AB84-4A14-BAEF-8C9A0DA2630B}.Debug|Any CPU.Build.0 = Debug|Any CPU
		{99E7AEF5-AB84-4A14-BAEF-8C9A0DA2630B}.Release|Any CPU.ActiveCfg = Release|Any CPU
		{99E7AEF5-AB84-4A14-BAEF-8C9A0DA2630B}.Release|Any CPU.Build.0 = Release|Any CPU
	EndGlobalSection
	GlobalSection(SolutionProperties) = preSolution
		HideSolutionNode = FALSE
	EndGlobalSection
	GlobalSection(ExtensibilityGlobals) = postSolution
		SolutionGuid = {6DC279C6-CAC7-4A2F-8FBB-2BB8A4E10C79}
	EndGlobalSection
EndGlobal
